// !$*UTF8*$!
{
	archiveVersion = 1;
	classes = {
	};
	objectVersion = 50;
	objects = {

/* Begin PBXBuildFile section */
		765AD9AB225C477900D5C0F7 /* AppDelegate.swift in Sources */ = {isa = PBXBuildFile; fileRef = 765AD9AA225C477900D5C0F7 /* AppDelegate.swift */; };
		765AD9AD225C477900D5C0F7 /* ViewController.swift in Sources */ = {isa = PBXBuildFile; fileRef = 765AD9AC225C477900D5C0F7 /* ViewController.swift */; };
		765AD9B0225C477900D5C0F7 /* Main.storyboard in Resources */ = {isa = PBXBuildFile; fileRef = 765AD9AE225C477900D5C0F7 /* Main.storyboard */; };
		765AD9B2225C477A00D5C0F7 /* Assets.xcassets in Resources */ = {isa = PBXBuildFile; fileRef = 765AD9B1225C477A00D5C0F7 /* Assets.xcassets */; };
		765AD9B5225C477A00D5C0F7 /* LaunchScreen.storyboard in Resources */ = {isa = PBXBuildFile; fileRef = 765AD9B3225C477A00D5C0F7 /* LaunchScreen.storyboard */; };
		765AD9C0225C477A00D5C0F7 /* ScrollViewAppTests.swift in Sources */ = {isa = PBXBuildFile; fileRef = 765AD9BF225C477A00D5C0F7 /* ScrollViewAppTests.swift */; };
/* End PBXBuildFile section */

/* Begin PBXContainerItemProxy section */
		765AD9BC225C477A00D5C0F7 /* PBXContainerItemProxy */ = {
			isa = PBXContainerItemProxy;
			containerPortal = 765AD99F225C477900D5C0F7 /* Project object */;
			proxyType = 1;
			remoteGlobalIDString = 765AD9A6225C477900D5C0F7;
			remoteInfo = ScrollViewApp;
		};
/* End PBXContainerItemProxy section */

/* Begin PBXFileReference section */
		765AD9A7225C477900D5C0F7 /* ScrollViewApp.app */ = {isa = PBXFileReference; explicitFileType = wrapper.application; includeInIndex = 0; path = ScrollViewApp.app; sourceTree = BUILT_PRODUCTS_DIR; };
		765AD9AA225C477900D5C0F7 /* AppDelegate.swift */ = {isa = PBXFileReference; lastKnownFileType = sourcecode.swift; path = AppDelegate.swift; sourceTree = "<group>"; };
		765AD9AC225C477900D5C0F7 /* ViewController.swift */ = {isa = PBXFileReference; lastKnownFileType = sourcecode.swift; path = ViewController.swift; sourceTree = "<group>"; };
		765AD9AF225C477900D5C0F7 /* Base */ = {isa = PBXFileReference; lastKnownFileType = file.storyboard; name = Base; path = Base.lproj/Main.storyboard; sourceTree = "<group>"; };
		765AD9B1225C477A00D5C0F7 /* Assets.xcassets */ = {isa = PBXFileReference; lastKnownFileType = folder.assetcatalog; path = Assets.xcassets; sourceTree = "<group>"; };
		765AD9B4225C477A00D5C0F7 /* Base */ = {isa = PBXFileReference; lastKnownFileType = file.storyboard; name = Base; path = Base.lproj/LaunchScreen.storyboard; sourceTree = "<group>"; };
		765AD9B6225C477A00D5C0F7 /* Info.plist */ = {isa = PBXFileReference; lastKnownFileType = text.plist.xml; path = Info.plist; sourceTree = "<group>"; };
		765AD9BB225C477A00D5C0F7 /* ScrollViewAppTests.xctest */ = {isa = PBXFileReference; explicitFileType = wrapper.cfbundle; includeInIndex = 0; path = ScrollViewAppTests.xctest; sourceTree = BUILT_PRODUCTS_DIR; };
		765AD9BF225C477A00D5C0F7 /* ScrollViewAppTests.swift */ = {isa = PBXFileReference; lastKnownFileType = sourcecode.swift; path = ScrollViewAppTests.swift; sourceTree = "<group>"; };
		765AD9C1225C477A00D5C0F7 /* Info.plist */ = {isa = PBXFileReference; lastKnownFileType = text.plist.xml; path = Info.plist; sourceTree = "<group>"; };
/* End PBXFileReference section */

/* Begin PBXFrameworksBuildPhase section */
		765AD9A4225C477900D5C0F7 /* Frameworks */ = {
			isa = PBXFrameworksBuildPhase;
			buildActionMask = 2147483647;
			files = (
			);
			runOnlyForDeploymentPostprocessing = 0;
		};
		765AD9B8225C477A00D5C0F7 /* Frameworks */ = {
			isa = PBXFrameworksBuildPhase;
			buildActionMask = 2147483647;
			files = (
			);
			runOnlyForDeploymentPostprocessing = 0;
		};
/* End PBXFrameworksBuildPhase section */

/* Begin PBXGroup section */
		765AD99E225C477900D5C0F7 = {
			isa = PBXGroup;
			children = (
				765AD9A9225C477900D5C0F7 /* ScrollViewApp */,
				765AD9BE225C477A00D5C0F7 /* ScrollViewAppTests */,
				765AD9A8225C477900D5C0F7 /* Products */,
			);
			sourceTree = "<group>";
		};
		765AD9A8225C477900D5C0F7 /* Products */ = {
			isa = PBXGroup;
			children = (
				765AD9A7225C477900D5C0F7 /* ScrollViewApp.app */,
				765AD9BB225C477A00D5C0F7 /* ScrollViewAppTests.xctest */,
			);
			name = Products;
			sourceTree = "<group>";
		};
		765AD9A9225C477900D5C0F7 /* ScrollViewApp */ = {
			isa = PBXGroup;
			children = (
				765AD9AA225C477900D5C0F7 /* AppDelegate.swift */,
				765AD9AC225C477900D5C0F7 /* ViewController.swift */,
				765AD9AE225C477900D5C0F7 /* Main.storyboard */,
				765AD9B1225C477A00D5C0F7 /* Assets.xcassets */,
				765AD9B3225C477A00D5C0F7 /* LaunchScreen.storyboard */,
				765AD9B6225C477A00D5C0F7 /* Info.plist */,
			);
			path = ScrollViewApp;
			sourceTree = "<group>";
		};
		765AD9BE225C477A00D5C0F7 /* ScrollViewAppTests */ = {
			isa = PBXGroup;
			children = (
				765AD9BF225C477A00D5C0F7 /* ScrollViewAppTests.swift */,
				765AD9C1225C477A00D5C0F7 /* Info.plist */,
			);
			path = ScrollViewAppTests;
			sourceTree = "<group>";
		};
/* End PBXGroup section */

/* Begin PBXNativeTarget section */
		765AD9A6225C477900D5C0F7 /* ScrollViewApp */ = {
			isa = PBXNativeTarget;
			buildConfigurationList = 765AD9C4225C477A00D5C0F7 /* Build configuration list for PBXNativeTarget "ScrollViewApp" */;
			buildPhases = (
				765AD9A3225C477900D5C0F7 /* Sources */,
				765AD9A4225C477900D5C0F7 /* Frameworks */,
				765AD9A5225C477900D5C0F7 /* Resources */,
			);
			buildRules = (
			);
			dependencies = (
			);
			name = ScrollViewApp;
			productName = ScrollViewApp;
			productReference = 765AD9A7225C477900D5C0F7 /* ScrollViewApp.app */;
			productType = "com.apple.product-type.application";
		};
		765AD9BA225C477A00D5C0F7 /* ScrollViewAppTests */ = {
			isa = PBXNativeTarget;
			buildConfigurationList = 765AD9C7225C477A00D5C0F7 /* Build configuration list for PBXNativeTarget "ScrollViewAppTests" */;
			buildPhases = (
				765AD9B7225C477A00D5C0F7 /* Sources */,
				765AD9B8225C477A00D5C0F7 /* Frameworks */,
				765AD9B9225C477A00D5C0F7 /* Resources */,
			);
			buildRules = (
			);
			dependencies = (
				765AD9BD225C477A00D5C0F7 /* PBXTargetDependency */,
			);
			name = ScrollViewAppTests;
			productName = ScrollViewAppTests;
			productReference = 765AD9BB225C477A00D5C0F7 /* ScrollViewAppTests.xctest */;
			productType = "com.apple.product-type.bundle.unit-test";
		};
/* End PBXNativeTarget section */

/* Begin PBXProject section */
		765AD99F225C477900D5C0F7 /* Project object */ = {
			isa = PBXProject;
			attributes = {
				LastSwiftUpdateCheck = 1010;
				LastUpgradeCheck = 1010;
				ORGANIZATIONNAME = "Chelsea Troy";
				TargetAttributes = {
					765AD9A6225C477900D5C0F7 = {
						CreatedOnToolsVersion = 10.1;
					};
					765AD9BA225C477A00D5C0F7 = {
						CreatedOnToolsVersion = 10.1;
						TestTargetID = 765AD9A6225C477900D5C0F7;
					};
				};
			};
			buildConfigurationList = 765AD9A2225C477900D5C0F7 /* Build configuration list for PBXProject "ScrollViewApp" */;
			compatibilityVersion = "Xcode 9.3";
			developmentRegion = en;
			hasScannedForEncodings = 0;
			knownRegions = (
				en,
				Base,
			);
			mainGroup = 765AD99E225C477900D5C0F7;
			productRefGroup = 765AD9A8225C477900D5C0F7 /* Products */;
			projectDirPath = "";
			projectRoot = "";
			targets = (
				765AD9A6225C477900D5C0F7 /* ScrollViewApp */,
				765AD9BA225C477A00D5C0F7 /* ScrollViewAppTests */,
			);
		};
/* End PBXProject section */

/* Begin PBXResourcesBuildPhase section */
		765AD9A5225C477900D5C0F7 /* Resources */ = {
			isa = PBXResourcesBuildPhase;
			buildActionMask = 2147483647;
			files = (
				765AD9B5225C477A00D5C0F7 /* LaunchScreen.storyboard in Resources */,
				765AD9B2225C477A00D5C0F7 /* Assets.xcassets in Resources */,
				765AD9B0225C477900D5C0F7 /* Main.storyboard in Resources */,
			);
			runOnlyForDeploymentPostprocessing = 0;
		};
		765AD9B9225C477A00D5C0F7 /* Resources */ = {
			isa = PBXResourcesBuildPhase;
			buildActionMask = 2147483647;
			files = (
			);
			runOnlyForDeploymentPostprocessing = 0;
		};
/* End PBXResourcesBuildPhase section */

/* Begin PBXSourcesBuildPhase section */
		765AD9A3225C477900D5C0F7 /* Sources */ = {
			isa = PBXSourcesBuildPhase;
			buildActionMask = 2147483647;
			files = (
				765AD9AD225C477900D5C0F7 /* ViewController.swift in Sources */,
				765AD9AB225C477900D5C0F7 /* AppDelegate.swift in Sources */,
			);
			runOnlyForDeploymentPostprocessing = 0;
		};
		765AD9B7225C477A00D5C0F7 /* Sources */ = {
			isa = PBXSourcesBuildPhase;
			buildActionMask = 2147483647;
			files = (
				765AD9C0225C477A00D5C0F7 /* ScrollViewAppTests.swift in Sources */,
			);
			runOnlyForDeploymentPostprocessing = 0;
		};
/* End PBXSourcesBuildPhase section */

/* Begin PBXTargetDependency section */
		765AD9BD225C477A00D5C0F7 /* PBXTargetDependency */ = {
			isa = PBXTargetDependency;
			target = 765AD9A6225C477900D5C0F7 /* ScrollViewApp */;
			targetProxy = 765AD9BC225C477A00D5C0F7 /* PBXContainerItemProxy */;
		};
/* End PBXTargetDependency section */

/* Begin PBXVariantGroup section */
		765AD9AE225C477900D5C0F7 /* Main.storyboard */ = {
			isa = PBXVariantGroup;
			children = (
				765AD9AF225C477900D5C0F7 /* Base */,
			);
			name = Main.storyboard;
			sourceTree = "<group>";
		};
		765AD9B3225C477A00D5C0F7 /* LaunchScreen.storyboard */ = {
			isa = PBXVariantGroup;
			children = (
				765AD9B4225C477A00D5C0F7 /* Base */,
			);
			name = LaunchScreen.storyboard;
			sourceTree = "<group>";
		};
/* End PBXVariantGroup section */

/* Begin XCBuildConfiguration section */
		765AD9C2225C477A00D5C0F7 /* Debug */ = {
			isa = XCBuildConfiguration;
			buildSettings = {
				ALWAYS_SEARCH_USER_PATHS = NO;
				CLANG_ANALYZER_NONNULL = YES;
				CLANG_ANALYZER_NUMBER_OBJECT_CONVERSION = YES_AGGRESSIVE;
				CLANG_CXX_LANGUAGE_STANDARD = "gnu++14";
				CLANG_CXX_LIBRARY = "libc++";
				CLANG_ENABLE_MODULES = YES;
				CLANG_ENABLE_OBJC_ARC = YES;
				CLANG_ENABLE_OBJC_WEAK = YES;
				CLANG_WARN_BLOCK_CAPTURE_AUTORELEASING = YES;
				CLANG_WARN_BOOL_CONVERSION = YES;
				CLANG_WARN_COMMA = YES;
				CLANG_WARN_CONSTANT_CONVERSION = YES;
				CLANG_WARN_DEPRECATED_OBJC_IMPLEMENTATIONS = YES;
				CLANG_WARN_DIRECT_OBJC_ISA_USAGE = YES_ERROR;
				CLANG_WARN_DOCUMENTATION_COMMENTS = YES;
				CLANG_WARN_EMPTY_BODY = YES;
				CLANG_WARN_ENUM_CONVERSION = YES;
				CLANG_WARN_INFINITE_RECURSION = YES;
				CLANG_WARN_INT_CONVERSION = YES;
				CLANG_WARN_NON_LITERAL_NULL_CONVERSION = YES;
				CLANG_WARN_OBJC_IMPLICIT_RETAIN_SELF = YES;
				CLANG_WARN_OBJC_LITERAL_CONVERSION = YES;
				CLANG_WARN_OBJC_ROOT_CLASS = YES_ERROR;
				CLANG_WARN_RANGE_LOOP_ANALYSIS = YES;
				CLANG_WARN_STRICT_PROTOTYPES = YES;
				CLANG_WARN_SUSPICIOUS_MOVE = YES;
				CLANG_WARN_UNGUARDED_AVAILABILITY = YES_AGGRESSIVE;
				CLANG_WARN_UNREACHABLE_CODE = YES;
				CLANG_WARN__DUPLICATE_METHOD_MATCH = YES;
				CODE_SIGN_IDENTITY = "iPhone Developer";
				COPY_PHASE_STRIP = NO;
				DEBUG_INFORMATION_FORMAT = dwarf;
				ENABLE_STRICT_OBJC_MSGSEND = YES;
				ENABLE_TESTABILITY = YES;
				GCC_C_LANGUAGE_STANDARD = gnu11;
				GCC_DYNAMIC_NO_PIC = NO;
				GCC_NO_COMMON_BLOCKS = YES;
				GCC_OPTIMIZATION_LEVEL = 0;
				GCC_PREPROCESSOR_DEFINITIONS = (
					"DEBUG=1",
					"$(inherited)",
				);
				GCC_WARN_64_TO_32_BIT_CONVERSION = YES;
				GCC_WARN_ABOUT_RETURN_TYPE = YES_ERROR;
				GCC_WARN_UNDECLARED_SELECTOR = YES;
				GCC_WARN_UNINITIALIZED_AUTOS = YES_AGGRESSIVE;
				GCC_WARN_UNUSED_FUNCTION = YES;
				GCC_WARN_UNUSED_VARIABLE = YES;
				IPHONEOS_DEPLOYMENT_TARGET = 12.1;
				MTL_ENABLE_DEBUG_INFO = INCLUDE_SOURCE;
				MTL_FAST_MATH = YES;
				ONLY_ACTIVE_ARCH = YES;
				SDKROOT = iphoneos;
				SWIFT_ACTIVE_COMPILATION_CONDITIONS = DEBUG;
				SWIFT_OPTIMIZATION_LEVEL = "-Onone";
			};
			name = Debug;
		};
		765AD9C3225C477A00D5C0F7 /* Release */ = {
			isa = XCBuildConfiguration;
			buildSettings = {
				ALWAYS_SEARCH_USER_PATHS = NO;
				CLANG_ANALYZER_NONNULL = YES;
				CLANG_ANALYZER_NUMBER_OBJECT_CONVERSION = YES_AGGRESSIVE;
				CLANG_CXX_LANGUAGE_STANDARD = "gnu++14";
				CLANG_CXX_LIBRARY = "libc++";
				CLANG_ENABLE_MODULES = YES;
				CLANG_ENABLE_OBJC_ARC = YES;
				CLANG_ENABLE_OBJC_WEAK = YES;
				CLANG_WARN_BLOCK_CAPTURE_AUTORELEASING = YES;
				CLANG_WARN_BOOL_CONVERSION = YES;
				CLANG_WARN_COMMA = YES;
				CLANG_WARN_CONSTANT_CONVERSION = YES;
				CLANG_WARN_DEPRECATED_OBJC_IMPLEMENTATIONS = YES;
				CLANG_WARN_DIRECT_OBJC_ISA_USAGE = YES_ERROR;
				CLANG_WARN_DOCUMENTATION_COMMENTS = YES;
				CLANG_WARN_EMPTY_BODY = YES;
				CLANG_WARN_ENUM_CONVERSION = YES;
				CLANG_WARN_INFINITE_RECURSION = YES;
				CLANG_WARN_INT_CONVERSION = YES;
				CLANG_WARN_NON_LITERAL_NULL_CONVERSION = YES;
				CLANG_WARN_OBJC_IMPLICIT_RETAIN_SELF = YES;
				CLANG_WARN_OBJC_LITERAL_CONVERSION = YES;
				CLANG_WARN_OBJC_ROOT_CLASS = YES_ERROR;
				CLANG_WARN_RANGE_LOOP_ANALYSIS = YES;
				CLANG_WARN_STRICT_PROTOTYPES = YES;
				CLANG_WARN_SUSPICIOUS_MOVE = YES;
				CLANG_WARN_UNGUARDED_AVAILABILITY = YES_AGGRESSIVE;
				CLANG_WARN_UNREACHABLE_CODE = YES;
				CLANG_WARN__DUPLICATE_METHOD_MATCH = YES;
				CODE_SIGN_IDENTITY = "iPhone Developer";
				COPY_PHASE_STRIP = NO;
				DEBUG_INFORMATION_FORMAT = "dwarf-with-dsym";
				ENABLE_NS_ASSERTIONS = NO;
				ENABLE_STRICT_OBJC_MSGSEND = YES;
				GCC_C_LANGUAGE_STANDARD = gnu11;
				GCC_NO_COMMON_BLOCKS = YES;
				GCC_WARN_64_TO_32_BIT_CONVERSION = YES;
				GCC_WARN_ABOUT_RETURN_TYPE = YES_ERROR;
				GCC_WARN_UNDECLARED_SELECTOR = YES;
				GCC_WARN_UNINITIALIZED_AUTOS = YES_AGGRESSIVE;
				GCC_WARN_UNUSED_FUNCTION = YES;
				GCC_WARN_UNUSED_VARIABLE = YES;
				IPHONEOS_DEPLOYMENT_TARGET = 12.1;
				MTL_ENABLE_DEBUG_INFO = NO;
				MTL_FAST_MATH = YES;
				SDKROOT = iphoneos;
				SWIFT_COMPILATION_MODE = wholemodule;
				SWIFT_OPTIMIZATION_LEVEL = "-O";
				VALIDATE_PRODUCT = YES;
			};
			name = Release;
		};
		765AD9C5225C477A00D5C0F7 /* Debug */ = {
			isa = XCBuildConfiguration;
			buildSettings = {
				ASSETCATALOG_COMPILER_APPICON_NAME = AppIcon;
				CODE_SIGN_STYLE = Automatic;
				DEVELOPMENT_TEAM = LPZFZF3JV9;
				INFOPLIST_FILE = ScrollViewApp/Info.plist;
				LD_RUNPATH_SEARCH_PATHS = (
					"$(inherited)",
					"@executable_path/Frameworks",
				);
				PRODUCT_BUNDLE_IDENTIFIER = chelseatroy.ScrollViewApp;
				PRODUCT_NAME = "$(TARGET_NAME)";
				SWIFT_VERSION = 4.2;
				TARGETED_DEVICE_FAMILY = "1,2";
			};
			name = Debug;
		};
		765AD9C6225C477A00D5C0F7 /* Release */ = {
			isa = XCBuildConfiguration;
			buildSettings = {
				ASSETCATALOG_COMPILER_APPICON_NAME = AppIcon;
				CODE_SIGN_STYLE = Automatic;
				DEVELOPMENT_TEAM = LPZFZF3JV9;
				INFOPLIST_FILE = ScrollViewApp/Info.plist;
				LD_RUNPATH_SEARCH_PATHS = (
					"$(inherited)",
					"@executable_path/Frameworks",
				);
				PRODUCT_BUNDLE_IDENTIFIER = chelseatroy.ScrollViewApp;
				PRODUCT_NAME = "$(TARGET_NAME)";
				SWIFT_VERSION = 4.2;
				TARGETED_DEVICE_FAMILY = "1,2";
			};
			name = Release;
		};
		765AD9C8225C477A00D5C0F7 /* Debug */ = {
			isa = XCBuildConfiguration;
			buildSettings = {
				ALWAYS_EMBED_SWIFT_STANDARD_LIBRARIES = YES;
				BUNDLE_LOADER = "$(TEST_HOST)";
				CODE_SIGN_STYLE = Automatic;
				DEVELOPMENT_TEAM = LPZFZF3JV9;
				INFOPLIST_FILE = ScrollViewAppTests/Info.plist;
				LD_RUNPATH_SEARCH_PATHS = (
					"$(inherited)",
					"@executable_path/Frameworks",
					"@loader_path/Frameworks",
				);
				PRODUCT_BUNDLE_IDENTIFIER = chelseatroy.ScrollViewAppTests;
				PRODUCT_NAME = "$(TARGET_NAME)";
				SWIFT_VERSION = 4.2;
				TARGETED_DEVICE_FAMILY = "1,2";
				TEST_HOST = "$(BUILT_PRODUCTS_DIR)/ScrollViewApp.app/ScrollViewApp";
			};
			name = Debug;
		};
		765AD9C9225C477A00D5C0F7 /* Release */ = {
			isa = XCBuildConfiguration;
			buildSettings = {
				ALWAYS_EMBED_SWIFT_STANDARD_LIBRARIES = YES;
				BUNDLE_LOADER = "$(TEST_HOST)";
				CODE_SIGN_STYLE = Automatic;
				DEVELOPMENT_TEAM = LPZFZF3JV9;
				INFOPLIST_FILE = ScrollViewAppTests/Info.plist;
				LD_RUNPATH_SEARCH_PATHS = (
					"$(inherited)",
					"@executable_path/Frameworks",
					"@loader_path/Frameworks",
				);
				PRODUCT_BUNDLE_IDENTIFIER = chelseatroy.ScrollViewAppTests;
				PRODUCT_NAME = "$(TARGET_NAME)";
				SWIFT_VERSION = 4.2;
				TARGETED_DEVICE_FAMILY = "1,2";
				TEST_HOST = "$(BUILT_PRODUCTS_DIR)/ScrollViewApp.app/ScrollViewApp";
			};
			name = Release;
		};
/* End XCBuildConfiguration section */

/* Begin XCConfigurationList section */
		765AD9A2225C477900D5C0F7 /* Build configuration list for PBXProject "ScrollViewApp" */ = {
			isa = XCConfigurationList;
			buildConfigurations = (
				765AD9C2225C477A00D5C0F7 /* Debug */,
				765AD9C3225C477A00D5C0F7 /* Release */,
			);
			defaultConfigurationIsVisible = 0;
			defaultConfigurationName = Release;
		};
		765AD9C4225C477A00D5C0F7 /* Build configuration list for PBXNativeTarget "ScrollViewApp" */ = {
			isa = XCConfigurationList;
			buildConfigurations = (
				765AD9C5225C477A00D5C0F7 /* Debug */,
				765AD9C6225C477A00D5C0F7 /* Release */,
			);
			defaultConfigurationIsVisible = 0;
			defaultConfigurationName = Release;
		};
		765AD9C7225C477A00D5C0F7 /* Build configuration list for PBXNativeTarget "ScrollViewAppTests" */ = {
			isa = XCConfigurationList;
			buildConfigurations = (
				765AD9C8225C477A00D5C0F7 /* Debug */,
				765AD9C9225C477A00D5C0F7 /* Release */,
			);
			defaultConfigurationIsVisible = 0;
			defaultConfigurationName = Release;
		};
/* End XCConfigurationList section */
	};
	rootObject = 765AD99F225C477900D5C0F7 /* Project object */;
}
